Microsoft Visual Studio Solution File, Format Version 12.00
# Visual Studio Version 17
VisualStudioVersion = 17.8.0.0
MinimumVisualStudioVersion = 17.8.0.0
Project("{9A19103F-16F7-4668-BE54-9A1E7A4F7556}") = "cosmosdb-seeding.AppHost", "cosmosdb-seeding.AppHost\cosmosdb-seeding.AppHost.csproj", "{0E8EFDCC-F7BA-4C02-8297-E9D71EBDE2DE}"
EndProject
Project("{9A19103F-16F7-4668-BE54-9A1E7A4F7556}") = "cosmosdb-seeding.ServiceDefaults", "cosmosdb-seeding.ServiceDefaults\cosmosdb-seeding.ServiceDefaults.csproj", "{C07C0AEB-BD34-4879-B85E-82B6A1CD1A20}"
EndProject
Project("{9A19103F-16F7-4668-BE54-9A1E7A4F7556}") = "cosmosdb-seeding.ApiService", "cosmosdb-seeding.ApiService\cosmosdb-seeding.ApiService.csproj", "{A55E4E02-DCEF-447E-BE8C-2A3EF181E9E0}"
EndProject
Project("{9A19103F-16F7-4668-BE54-9A1E7A4F7556}") = "cosmosdb-seeding.Web", "cosmosdb-seeding.Web\cosmosdb-seeding.Web.csproj", "{43690EC5-613B-4955-9EFC-865EB10D7621}"
EndProject
Project("{FAE04EC0-301F-11D3-BF4B-00C04F79EFBC}") = "cosmosdb-seeding.Shared", "cosmosdb-seeding.Shared\cosmosdb-seeding.Shared.csproj", "{F06A03D2-97B9-4152-BD9B-B256FAE6BC6F}"
EndProject
Global
	GlobalSection(SolutionConfigurationPlatforms) = preSolution
		Debug|Any CPU = Debug|Any CPU
		Release|Any CPU = Release|Any CPU
	EndGlobalSection
	GlobalSection(ProjectConfigurationPlatforms) = postSolution
		{0E8EFDCC-F7BA-4C02-8297-E9D71EBDE2DE}.Debug|Any CPU.ActiveCfg = Debug|Any CPU
		{0E8EFDCC-F7BA-4C02-8297-E9D71EBDE2DE}.Debug|Any CPU.Build.0 = Debug|Any CPU
		{0E8EFDCC-F7BA-4C02-8297-E9D71EBDE2DE}.Release|Any CPU.ActiveCfg = Release|Any CPU
		{0E8EFDCC-F7BA-4C02-8297-E9D71EBDE2DE}.Release|Any CPU.Build.0 = Release|Any CPU
		{C07C0AEB-BD34-4879-B85E-82B6A1CD1A20}.Debug|Any CPU.ActiveCfg = Debug|Any CPU
		{C07C0AEB-BD34-4879-B85E-82B6A1CD1A20}.Debug|Any CPU.Build.0 = Debug|Any CPU
		{C07C0AEB-BD34-4879-B85E-82B6A1CD1A20}.Release|Any CPU.ActiveCfg = Release|Any CPU
		{C07C0AEB-BD34-4879-B85E-82B6A1CD1A20}.Release|Any CPU.Build.0 = Release|Any CPU
		{A55E4E02-DCEF-447E-BE8C-2A3EF181E9E0}.Debug|Any CPU.ActiveCfg = Debug|Any CPU
		{A55E4E02-DCEF-447E-BE8C-2A3EF181E9E0}.Debug|Any CPU.Build.0 = Debug|Any CPU
		{A55E4E02-DCEF-447E-BE8C-2A3EF181E9E0}.Release|Any CPU.ActiveCfg = Release|Any CPU
		{A55E4E02-DCEF-447E-BE8C-2A3EF181E9E0}.Release|Any CPU.Build.0 = Release|Any CPU
		{43690EC5-613B-4955-9EFC-865EB10D7621}.Debug|Any CPU.ActiveCfg = Debug|Any CPU
		{43690EC5-613B-4955-9EFC-865EB10D7621}.Debug|Any CPU.Build.0 = Debug|Any CPU
		{43690EC5-613B-4955-9EFC-865EB10D7621}.Release|Any CPU.ActiveCfg = Release|Any CPU
		{43690EC5-613B-4955-9EFC-865EB10D7621}.Release|Any CPU.Build.0 = Release|Any CPU
		{F06A03D2-97B9-4152-BD9B-B256FAE6BC6F}.Debug|Any CPU.ActiveCfg = Debug|Any CPU
		{F06A03D2-97B9-4152-BD9B-B256FAE6BC6F}.Debug|Any CPU.Build.0 = Debug|Any CPU
		{F06A03D2-97B9-4152-BD9B-B256FAE6BC6F}.Release|Any CPU.ActiveCfg = Release|Any CPU
		{F06A03D2-97B9-4152-BD9B-B256FAE6BC6F}.Release|Any CPU.Build.0 = Release|Any CPU
	EndGlobalSection
	GlobalSection(SolutionProperties) = preSolution
		HideSolutionNode = FALSE
	EndGlobalSection
	GlobalSection(ExtensibilityGlobals) = postSolution
		SolutionGuid = {3545B154-9901-4A49-86F1-0C4E3EB44C3C}
	EndGlobalSection
EndGlobal
